
Microsoft Visual Studio Solution File, Format Version 12.00
# Visual Studio Version 16
VisualStudioVersion = 16.0.31205.134
MinimumVisualStudioVersion = 10.0.40219.1
Project("{FAE04EC0-301F-11D3-BF4B-00C04F79EFBC}") = "Address_Book_Using_Collection", "Address_Book_Using_Collection.csproj", "{B00A9244-B580-431E-8B33-1ECCF648D82E}"
EndProject
Global
	GlobalSection(SolutionConfigurationPlatforms) = preSolution
		Debug|Any CPU = Debug|Any CPU
		Release|Any CPU = Release|Any CPU
	EndGlobalSection
	GlobalSection(ProjectConfigurationPlatforms) = postSolution
		{B00A9244-B580-431E-8B33-1ECCF648D82E}.Debug|Any CPU.ActiveCfg = Debug|Any CPU
		{B00A9244-B580-431E-8B33-1ECCF648D82E}.Debug|Any CPU.Build.0 = Debug|Any CPU
		{B00A9244-B580-431E-8B33-1ECCF648D82E}.Release|Any CPU.ActiveCfg = Release|Any CPU
		{B00A9244-B580-431E-8B33-1ECCF648D82E}.Release|Any CPU.Build.0 = Release|Any CPU
	EndGlobalSection
	GlobalSection(SolutionProperties) = preSolution
		HideSolutionNode = FALSE
	EndGlobalSection
	GlobalSection(ExtensibilityGlobals) = postSolution
		SolutionGuid = {74A52738-65B0-48CB-8931-5EF1517CF796}
	EndGlobalSection
EndGlobal
